PODS:
  - Alamofire (4.4.0)
  - Cache (2.2.1):
    - CryptoSwift
  - CryptoSwift (0.6.7)
  - GoogleMaps (2.2.0):
    - GoogleMaps/Maps (= 2.2.0)
  - GoogleMaps/Base (2.2.0)
  - GoogleMaps/Maps (2.2.0):
    - GoogleMaps/Base
  - GRCustomAlert (0.1.1)
  - SwiftyJSON (3.1.4)

DEPENDENCIES:
  - Alamofire
  - Cache
  - GoogleMaps
  - GRCustomAlert
  - SwiftyJSON

SPEC CHECKSUMS:
  Alamofire: dc44b1600b800eb63da6a19039a0083d62a6a62d
  Cache: 5b2d2d68477bd9c5b8e539d673cc217ed1284814
  CryptoSwift: 685ae257941e5447474348a2b545583e1a16b573
  GoogleMaps: 104c418d61ab8a05dff06ed0784c25ea9d37da45
  GRCustomAlert: 3617ca53f5c010f3935c3db1745c07c4fe9606e9
  SwiftyJSON: c2842d878f95482ffceec5709abc3d05680c0220

PODFILE CHECKSUM: 22bbc77a2033c4e9166febcf3e9f19bc10f6ceed

COCOAPODS: 1.2.0
